// !$*UTF8*$!
{
	archiveVersion = 1;
	classes = {
	};
	objectVersion = 50;
	objects = {

/* Begin PBXBuildFile section */
		CA22E4B0233B6FFF00B2E75A /* Extensions.swift in Sources */ = {isa = PBXBuildFile; fileRef = CA22E4AF233B6FFF00B2E75A /* Extensions.swift */; };
		CA22E4B2233B71B300B2E75A /* LibraryTableViewController.swift in Sources */ = {isa = PBXBuildFile; fileRef = CA22E4B1233B71B300B2E75A /* LibraryTableViewController.swift */; };
		CA22E4B4233B740900B2E75A /* HomeCollectionViewController.swift in Sources */ = {isa = PBXBuildFile; fileRef = CA22E4B3233B740900B2E75A /* HomeCollectionViewController.swift */; };
		CA22E4BC233B7E0500B2E75A /* Montserrat-Medium.ttf in Resources */ = {isa = PBXBuildFile; fileRef = CA22E4B9233B7E0400B2E75A /* Montserrat-Medium.ttf */; };
		CA22E4BD233B7E0500B2E75A /* Montserrat-Bold.ttf in Resources */ = {isa = PBXBuildFile; fileRef = CA22E4BA233B7E0500B2E75A /* Montserrat-Bold.ttf */; };
		CA22E4BE233B7E0500B2E75A /* Montserrat-Light.ttf in Resources */ = {isa = PBXBuildFile; fileRef = CA22E4BB233B7E0500B2E75A /* Montserrat-Light.ttf */; };
		CA2D237A2343C667002E7BFC /* SavedSongCollectionViewCell.swift in Sources */ = {isa = PBXBuildFile; fileRef = CA2D23792343C667002E7BFC /* SavedSongCollectionViewCell.swift */; };
		CA37CD9C233D126E00D96A18 /* Playlist+CoreDataClass.swift in Sources */ = {isa = PBXBuildFile; fileRef = CA37CD98233D126E00D96A18 /* Playlist+CoreDataClass.swift */; };
		CA37CD9D233D126E00D96A18 /* Playlist+CoreDataProperties.swift in Sources */ = {isa = PBXBuildFile; fileRef = CA37CD99233D126E00D96A18 /* Playlist+CoreDataProperties.swift */; };
		CA37CD9E233D126E00D96A18 /* Song+CoreDataClass.swift in Sources */ = {isa = PBXBuildFile; fileRef = CA37CD9A233D126E00D96A18 /* Song+CoreDataClass.swift */; };
		CA37CD9F233D126E00D96A18 /* Song+CoreDataProperties.swift in Sources */ = {isa = PBXBuildFile; fileRef = CA37CD9B233D126E00D96A18 /* Song+CoreDataProperties.swift */; };
		CA37CDA4233D62AD00D96A18 /* PlaylistCollectionViewController.swift in Sources */ = {isa = PBXBuildFile; fileRef = CA37CDA3233D62AC00D96A18 /* PlaylistCollectionViewController.swift */; };
		CA37CDA6233E2EA000D96A18 /* SongCollectionViewCell.swift in Sources */ = {isa = PBXBuildFile; fileRef = CA37CDA5233E2EA000D96A18 /* SongCollectionViewCell.swift */; };
		CA4715D2233E680D002F2FDC /* SongSearchResult.swift in Sources */ = {isa = PBXBuildFile; fileRef = CA4715D1233E680D002F2FDC /* SongSearchResult.swift */; };
		CA4715D4233FE82B002F2FDC /* SongSearchResultCollectionViewCell.swift in Sources */ = {isa = PBXBuildFile; fileRef = CA4715D3233FE82B002F2FDC /* SongSearchResultCollectionViewCell.swift */; };
		CA4715D623400463002F2FDC /* LoadingView.swift in Sources */ = {isa = PBXBuildFile; fileRef = CA4715D523400463002F2FDC /* LoadingView.swift */; };
		CA824F76236D9A1B008CFE3B /* VideoDownloadResponse.swift in Sources */ = {isa = PBXBuildFile; fileRef = CA824F75236D9A1B008CFE3B /* VideoDownloadResponse.swift */; };
		CA8A8BC5233A955400FCA0E0 /* AppDelegate.swift in Sources */ = {isa = PBXBuildFile; fileRef = CA8A8BC4233A955400FCA0E0 /* AppDelegate.swift */; };
		CA8A8BC7233A955400FCA0E0 /* SceneDelegate.swift in Sources */ = {isa = PBXBuildFile; fileRef = CA8A8BC6233A955400FCA0E0 /* SceneDelegate.swift */; };
		CA8A8BCF233A955400FCA0E0 /* Library.xcdatamodeld in Sources */ = {isa = PBXBuildFile; fileRef = CA8A8BCD233A955400FCA0E0 /* Library.xcdatamodeld */; };
		CA8A8BD1233A955600FCA0E0 /* Assets.xcassets in Resources */ = {isa = PBXBuildFile; fileRef = CA8A8BD0233A955600FCA0E0 /* Assets.xcassets */; };
		CA8A8BD4233A955600FCA0E0 /* LaunchScreen.storyboard in Resources */ = {isa = PBXBuildFile; fileRef = CA8A8BD2233A955600FCA0E0 /* LaunchScreen.storyboard */; };
		CA8A8BDF233A96C200FCA0E0 /* TabViewController.swift in Sources */ = {isa = PBXBuildFile; fileRef = CA8A8BDE233A96C200FCA0E0 /* TabViewController.swift */; };
		CAA654AE2355C697005F9E3D /* YTAPI.swift in Sources */ = {isa = PBXBuildFile; fileRef = CAA654AD2355C697005F9E3D /* YTAPI.swift */; };
		CAA654B12355D4C2005F9E3D /* SearchListResponse.swift in Sources */ = {isa = PBXBuildFile; fileRef = CAA654B02355D4C2005F9E3D /* SearchListResponse.swift */; };
		CAA9AB82233AAA43003ED6B3 /* SearchCollectionViewController.swift in Sources */ = {isa = PBXBuildFile; fileRef = CAA9AB81233AAA43003ED6B3 /* SearchCollectionViewController.swift */; };
		CAED4830235C59A8000A8190 /* VideoListResponse.swift in Sources */ = {isa = PBXBuildFile; fileRef = CAED482F235C59A8000A8190 /* VideoListResponse.swift */; };
/* End PBXBuildFile section */

/* Begin PBXFileReference section */
		CA22E4AF233B6FFF00B2E75A /* Extensions.swift */ = {isa = PBXFileReference; lastKnownFileType = sourcecode.swift; path = Extensions.swift; sourceTree = "<group>"; };
		CA22E4B1233B71B300B2E75A /* LibraryTableViewController.swift */ = {isa = PBXFileReference; lastKnownFileType = sourcecode.swift; path = LibraryTableViewController.swift; sourceTree = "<group>"; };
		CA22E4B3233B740900B2E75A /* HomeCollectionViewController.swift */ = {isa = PBXFileReference; lastKnownFileType = sourcecode.swift; path = HomeCollectionViewController.swift; sourceTree = "<group>"; };
		CA22E4B9233B7E0400B2E75A /* Montserrat-Medium.ttf */ = {isa = PBXFileReference; lastKnownFileType = file; name = "Montserrat-Medium.ttf"; path = "Canary/View/Montserrat-Medium.ttf"; sourceTree = SOURCE_ROOT; };
		CA22E4BA233B7E0500B2E75A /* Montserrat-Bold.ttf */ = {isa = PBXFileReference; lastKnownFileType = file; name = "Montserrat-Bold.ttf"; path = "Canary/View/Montserrat-Bold.ttf"; sourceTree = SOURCE_ROOT; };
		CA22E4BB233B7E0500B2E75A /* Montserrat-Light.ttf */ = {isa = PBXFileReference; lastKnownFileType = file; name = "Montserrat-Light.ttf"; path = "Canary/View/Montserrat-Light.ttf"; sourceTree = SOURCE_ROOT; };
		CA2D23792343C667002E7BFC /* SavedSongCollectionViewCell.swift */ = {isa = PBXFileReference; lastKnownFileType = sourcecode.swift; path = SavedSongCollectionViewCell.swift; sourceTree = "<group>"; };
		CA37CD98233D126E00D96A18 /* Playlist+CoreDataClass.swift */ = {isa = PBXFileReference; lastKnownFileType = sourcecode.swift; path = "Playlist+CoreDataClass.swift"; sourceTree = "<group>"; };
		CA37CD99233D126E00D96A18 /* Playlist+CoreDataProperties.swift */ = {isa = PBXFileReference; lastKnownFileType = sourcecode.swift; path = "Playlist+CoreDataProperties.swift"; sourceTree = "<group>"; };
		CA37CD9A233D126E00D96A18 /* Song+CoreDataClass.swift */ = {isa = PBXFileReference; lastKnownFileType = sourcecode.swift; path = "Song+CoreDataClass.swift"; sourceTree = "<group>"; };
		CA37CD9B233D126E00D96A18 /* Song+CoreDataProperties.swift */ = {isa = PBXFileReference; lastKnownFileType = sourcecode.swift; path = "Song+CoreDataProperties.swift"; sourceTree = "<group>"; };
		CA37CDA3233D62AC00D96A18 /* PlaylistCollectionViewController.swift */ = {isa = PBXFileReference; lastKnownFileType = sourcecode.swift; path = PlaylistCollectionViewController.swift; sourceTree = "<group>"; };
		CA37CDA5233E2EA000D96A18 /* SongCollectionViewCell.swift */ = {isa = PBXFileReference; lastKnownFileType = sourcecode.swift; path = SongCollectionViewCell.swift; sourceTree = "<group>"; };
		CA4715D1233E680D002F2FDC /* SongSearchResult.swift */ = {isa = PBXFileReference; lastKnownFileType = sourcecode.swift; path = SongSearchResult.swift; sourceTree = "<group>"; };
		CA4715D3233FE82B002F2FDC /* SongSearchResultCollectionViewCell.swift */ = {isa = PBXFileReference; lastKnownFileType = sourcecode.swift; path = SongSearchResultCollectionViewCell.swift; sourceTree = "<group>"; };
		CA4715D523400463002F2FDC /* LoadingView.swift */ = {isa = PBXFileReference; lastKnownFileType = sourcecode.swift; path = LoadingView.swift; sourceTree = "<group>"; };
		CA824F75236D9A1B008CFE3B /* VideoDownloadResponse.swift */ = {isa = PBXFileReference; lastKnownFileType = sourcecode.swift; path = VideoDownloadResponse.swift; sourceTree = "<group>"; };
		CA8A8BC1233A955400FCA0E0 /* Canary.app */ = {isa = PBXFileReference; explicitFileType = wrapper.application; includeInIndex = 0; path = Canary.app; sourceTree = BUILT_PRODUCTS_DIR; };
		CA8A8BC4233A955400FCA0E0 /* AppDelegate.swift */ = {isa = PBXFileReference; lastKnownFileType = sourcecode.swift; path = AppDelegate.swift; sourceTree = "<group>"; };
		CA8A8BC6233A955400FCA0E0 /* SceneDelegate.swift */ = {isa = PBXFileReference; lastKnownFileType = sourcecode.swift; path = SceneDelegate.swift; sourceTree = "<group>"; };
		CA8A8BCE233A955400FCA0E0 /* Canary.xcdatamodel */ = {isa = PBXFileReference; lastKnownFileType = wrapper.xcdatamodel; path = Canary.xcdatamodel; sourceTree = "<group>"; };
		CA8A8BD0233A955600FCA0E0 /* Assets.xcassets */ = {isa = PBXFileReference; lastKnownFileType = folder.assetcatalog; path = Assets.xcassets; sourceTree = "<group>"; };
		CA8A8BD3233A955600FCA0E0 /* Base */ = {isa = PBXFileReference; lastKnownFileType = file.storyboard; name = Base; path = Base.lproj/LaunchScreen.storyboard; sourceTree = "<group>"; };
		CA8A8BD5233A955600FCA0E0 /* Info.plist */ = {isa = PBXFileReference; lastKnownFileType = text.plist.xml; path = Info.plist; sourceTree = "<group>"; };
		CA8A8BDE233A96C200FCA0E0 /* TabViewController.swift */ = {isa = PBXFileReference; lastKnownFileType = sourcecode.swift; path = TabViewController.swift; sourceTree = "<group>"; };
		CAA654AD2355C697005F9E3D /* YTAPI.swift */ = {isa = PBXFileReference; lastKnownFileType = sourcecode.swift; path = YTAPI.swift; sourceTree = "<group>"; };
		CAA654B02355D4C2005F9E3D /* SearchListResponse.swift */ = {isa = PBXFileReference; lastKnownFileType = sourcecode.swift; path = SearchListResponse.swift; sourceTree = "<group>"; };
		CAA9AB81233AAA43003ED6B3 /* SearchCollectionViewController.swift */ = {isa = PBXFileReference; lastKnownFileType = sourcecode.swift; path = SearchCollectionViewController.swift; sourceTree = "<group>"; };
		CAED482F235C59A8000A8190 /* VideoListResponse.swift */ = {isa = PBXFileReference; lastKnownFileType = sourcecode.swift; path = VideoListResponse.swift; sourceTree = "<group>"; };
/* End PBXFileReference section */

/* Begin PBXFrameworksBuildPhase section */
		CA8A8BBE233A955400FCA0E0 /* Frameworks */ = {
			isa = PBXFrameworksBuildPhase;
			buildActionMask = 2147483647;
			files = (
			);
			runOnlyForDeploymentPostprocessing = 0;
		};
/* End PBXFrameworksBuildPhase section */

/* Begin PBXGroup section */
		CA22E4B8233B7DE900B2E75A /* Fonts */ = {
			isa = PBXGroup;
			children = (
				CA22E4BA233B7E0500B2E75A /* Montserrat-Bold.ttf */,
				CA22E4BB233B7E0500B2E75A /* Montserrat-Light.ttf */,
				CA22E4B9233B7E0400B2E75A /* Montserrat-Medium.ttf */,
			);
			path = Fonts;
			sourceTree = "<group>";
		};
		CA2D23782343C623002E7BFC /* Collection View Cells */ = {
			isa = PBXGroup;
			children = (
				CA37CDA5233E2EA000D96A18 /* SongCollectionViewCell.swift */,
				CA4715D3233FE82B002F2FDC /* SongSearchResultCollectionViewCell.swift */,
				CA2D23792343C667002E7BFC /* SavedSongCollectionViewCell.swift */,
			);
			path = "Collection View Cells";
			sourceTree = "<group>";
		};
		CA37CDA0233D171400D96A18 /* Core Data Classes */ = {
			isa = PBXGroup;
			children = (
				CA37CD98233D126E00D96A18 /* Playlist+CoreDataClass.swift */,
				CA37CD9A233D126E00D96A18 /* Song+CoreDataClass.swift */,
				CA37CD99233D126E00D96A18 /* Playlist+CoreDataProperties.swift */,
				CA37CD9B233D126E00D96A18 /* Song+CoreDataProperties.swift */,
			);
			path = "Core Data Classes";
			sourceTree = "<group>";
		};
		CA37CDA1233D617E00D96A18 /* Sub View Controllers */ = {
			isa = PBXGroup;
			children = (
				CA37CDA3233D62AC00D96A18 /* PlaylistCollectionViewController.swift */,
			);
			path = "Sub View Controllers";
			sourceTree = "<group>";
		};
		CA8A8BB8233A955400FCA0E0 = {
			isa = PBXGroup;
			children = (
				CA8A8BC3233A955400FCA0E0 /* Canary */,
				CA8A8BC2233A955400FCA0E0 /* Products */,
			);
			sourceTree = "<group>";
		};
		CA8A8BC2233A955400FCA0E0 /* Products */ = {
			isa = PBXGroup;
			children = (
				CA8A8BC1233A955400FCA0E0 /* Canary.app */,
			);
			name = Products;
			sourceTree = "<group>";
		};
		CA8A8BC3233A955400FCA0E0 /* Canary */ = {
			isa = PBXGroup;
			children = (
				CA8A8BC4233A955400FCA0E0 /* AppDelegate.swift */,
				CA8A8BC6233A955400FCA0E0 /* SceneDelegate.swift */,
				CA8A8BD5233A955600FCA0E0 /* Info.plist */,
				CA8A8BDD233A961B00FCA0E0 /* Model */,
				CA8A8BDC233A961300FCA0E0 /* View */,
				CA8A8BDB233A960A00FCA0E0 /* Controller */,
			);
			path = Canary;
			sourceTree = "<group>";
		};
		CA8A8BDB233A960A00FCA0E0 /* Controller */ = {
			isa = PBXGroup;
			children = (
				CA8A8BDE233A96C200FCA0E0 /* TabViewController.swift */,
				CA22E4B3233B740900B2E75A /* HomeCollectionViewController.swift */,
				CAA9AB81233AAA43003ED6B3 /* SearchCollectionViewController.swift */,
				CA22E4B1233B71B300B2E75A /* LibraryTableViewController.swift */,
				CA37CDA1233D617E00D96A18 /* Sub View Controllers */,
			);
			path = Controller;
			sourceTree = "<group>";
		};
		CA8A8BDC233A961300FCA0E0 /* View */ = {
			isa = PBXGroup;
			children = (
				CA8A8BD2233A955600FCA0E0 /* LaunchScreen.storyboard */,
				CA8A8BD0233A955600FCA0E0 /* Assets.xcassets */,
				CA22E4B8233B7DE900B2E75A /* Fonts */,
				CA2D23782343C623002E7BFC /* Collection View Cells */,
				CA4715D523400463002F2FDC /* LoadingView.swift */,
			);
			path = View;
			sourceTree = "<group>";
		};
		CA8A8BDD233A961B00FCA0E0 /* Model */ = {
			isa = PBXGroup;
			children = (
				CA8A8BCD233A955400FCA0E0 /* Library.xcdatamodeld */,
				CA37CDA0233D171400D96A18 /* Core Data Classes */,
				CA22E4AF233B6FFF00B2E75A /* Extensions.swift */,
				CA4715D1233E680D002F2FDC /* SongSearchResult.swift */,
				CAA654AD2355C697005F9E3D /* YTAPI.swift */,
				CAED4831235CA9C1000A8190 /* JSON Structrues */,
			);
			path = Model;
			sourceTree = "<group>";
		};
		CAED4831235CA9C1000A8190 /* JSON Structrues */ = {
			isa = PBXGroup;
			children = (
				CAA654B02355D4C2005F9E3D /* SearchListResponse.swift */,
				CAED482F235C59A8000A8190 /* VideoListResponse.swift */,
				CA824F75236D9A1B008CFE3B /* VideoDownloadResponse.swift */,
			);
			path = "JSON Structrues";
			sourceTree = "<group>";
		};
/* End PBXGroup section */

/* Begin PBXNativeTarget section */
		CA8A8BC0233A955400FCA0E0 /* Canary */ = {
			isa = PBXNativeTarget;
			buildConfigurationList = CA8A8BD8233A955600FCA0E0 /* Build configuration list for PBXNativeTarget "Canary" */;
			buildPhases = (
				CA8A8BBD233A955400FCA0E0 /* Sources */,
				CA8A8BBE233A955400FCA0E0 /* Frameworks */,
				CA8A8BBF233A955400FCA0E0 /* Resources */,
			);
			buildRules = (
			);
			dependencies = (
			);
			name = Canary;
			productName = Canary;
			productReference = CA8A8BC1233A955400FCA0E0 /* Canary.app */;
			productType = "com.apple.product-type.application";
		};
/* End PBXNativeTarget section */

/* Begin PBXProject section */
		CA8A8BB9233A955400FCA0E0 /* Project object */ = {
			isa = PBXProject;
			attributes = {
				LastSwiftUpdateCheck = 1100;
				LastUpgradeCheck = 1100;
				ORGANIZATIONNAME = "Nifemi Fatoye";
				TargetAttributes = {
					CA8A8BC0233A955400FCA0E0 = {
						CreatedOnToolsVersion = 11.0;
					};
				};
			};
			buildConfigurationList = CA8A8BBC233A955400FCA0E0 /* Build configuration list for PBXProject "Canary" */;
			compatibilityVersion = "Xcode 9.3";
			developmentRegion = en;
			hasScannedForEncodings = 0;
			knownRegions = (
				en,
				Base,
			);
			mainGroup = CA8A8BB8233A955400FCA0E0;
			productRefGroup = CA8A8BC2233A955400FCA0E0 /* Products */;
			projectDirPath = "";
			projectRoot = "";
			targets = (
				CA8A8BC0233A955400FCA0E0 /* Canary */,
			);
		};
/* End PBXProject section */

/* Begin PBXResourcesBuildPhase section */
		CA8A8BBF233A955400FCA0E0 /* Resources */ = {
			isa = PBXResourcesBuildPhase;
			buildActionMask = 2147483647;
			files = (
				CA22E4BE233B7E0500B2E75A /* Montserrat-Light.ttf in Resources */,
				CA22E4BD233B7E0500B2E75A /* Montserrat-Bold.ttf in Resources */,
				CA8A8BD4233A955600FCA0E0 /* LaunchScreen.storyboard in Resources */,
				CA22E4BC233B7E0500B2E75A /* Montserrat-Medium.ttf in Resources */,
				CA8A8BD1233A955600FCA0E0 /* Assets.xcassets in Resources */,
			);
			runOnlyForDeploymentPostprocessing = 0;
		};
/* End PBXResourcesBuildPhase section */

/* Begin PBXSourcesBuildPhase section */
		CA8A8BBD233A955400FCA0E0 /* Sources */ = {
			isa = PBXSourcesBuildPhase;
			buildActionMask = 2147483647;
			files = (
				CA22E4B2233B71B300B2E75A /* LibraryTableViewController.swift in Sources */,
				CAA9AB82233AAA43003ED6B3 /* SearchCollectionViewController.swift in Sources */,
				CA22E4B0233B6FFF00B2E75A /* Extensions.swift in Sources */,
				CA2D237A2343C667002E7BFC /* SavedSongCollectionViewCell.swift in Sources */,
				CA8A8BDF233A96C200FCA0E0 /* TabViewController.swift in Sources */,
				CA4715D623400463002F2FDC /* LoadingView.swift in Sources */,
				CA37CDA4233D62AD00D96A18 /* PlaylistCollectionViewController.swift in Sources */,
				CA37CDA6233E2EA000D96A18 /* SongCollectionViewCell.swift in Sources */,
				CAA654AE2355C697005F9E3D /* YTAPI.swift in Sources */,
				CA4715D4233FE82B002F2FDC /* SongSearchResultCollectionViewCell.swift in Sources */,
				CA8A8BCF233A955400FCA0E0 /* Library.xcdatamodeld in Sources */,
				CA37CD9D233D126E00D96A18 /* Playlist+CoreDataProperties.swift in Sources */,
				CA4715D2233E680D002F2FDC /* SongSearchResult.swift in Sources */,
				CA37CD9F233D126E00D96A18 /* Song+CoreDataProperties.swift in Sources */,
				CAA654B12355D4C2005F9E3D /* SearchListResponse.swift in Sources */,
				CAED4830235C59A8000A8190 /* VideoListResponse.swift in Sources */,
				CA824F76236D9A1B008CFE3B /* VideoDownloadResponse.swift in Sources */,
				CA37CD9C233D126E00D96A18 /* Playlist+CoreDataClass.swift in Sources */,
				CA22E4B4233B740900B2E75A /* HomeCollectionViewController.swift in Sources */,
				CA8A8BC5233A955400FCA0E0 /* AppDelegate.swift in Sources */,
				CA37CD9E233D126E00D96A18 /* Song+CoreDataClass.swift in Sources */,
				CA8A8BC7233A955400FCA0E0 /* SceneDelegate.swift in Sources */,
			);
			runOnlyForDeploymentPostprocessing = 0;
		};
/* End PBXSourcesBuildPhase section */

/* Begin PBXVariantGroup section */
		CA8A8BD2233A955600FCA0E0 /* LaunchScreen.storyboard */ = {
			isa = PBXVariantGroup;
			children = (
				CA8A8BD3233A955600FCA0E0 /* Base */,
			);
			name = LaunchScreen.storyboard;
			sourceTree = "<group>";
		};
/* End PBXVariantGroup section */

/* Begin XCBuildConfiguration section */
		CA8A8BD6233A955600FCA0E0 /* Debug */ = {
			isa = XCBuildConfiguration;
			buildSettings = {
				ALWAYS_SEARCH_USER_PATHS = NO;
				CLANG_ANALYZER_NONNULL = YES;
				CLANG_ANALYZER_NUMBER_OBJECT_CONVERSION = YES_AGGRESSIVE;
				CLANG_CXX_LANGUAGE_STANDARD = "gnu++14";
				CLANG_CXX_LIBRARY = "libc++";
				CLANG_ENABLE_MODULES = YES;
				CLANG_ENABLE_OBJC_ARC = YES;
				CLANG_ENABLE_OBJC_WEAK = YES;
				CLANG_WARN_BLOCK_CAPTURE_AUTORELEASING = YES;
				CLANG_WARN_BOOL_CONVERSION = YES;
				CLANG_WARN_COMMA = YES;
				CLANG_WARN_CONSTANT_CONVERSION = YES;
				CLANG_WARN_DEPRECATED_OBJC_IMPLEMENTATIONS = YES;
				CLANG_WARN_DIRECT_OBJC_ISA_USAGE = YES_ERROR;
				CLANG_WARN_DOCUMENTATION_COMMENTS = YES;
				CLANG_WARN_EMPTY_BODY = YES;
				CLANG_WARN_ENUM_CONVERSION = YES;
				CLANG_WARN_INFINITE_RECURSION = YES;
				CLANG_WARN_INT_CONVERSION = YES;
				CLANG_WARN_NON_LITERAL_NULL_CONVERSION = YES;
				CLANG_WARN_OBJC_IMPLICIT_RETAIN_SELF = YES;
				CLANG_WARN_OBJC_LITERAL_CONVERSION = YES;
				CLANG_WARN_OBJC_ROOT_CLASS = YES_ERROR;
				CLANG_WARN_RANGE_LOOP_ANALYSIS = YES;
				CLANG_WARN_STRICT_PROTOTYPES = YES;
				CLANG_WARN_SUSPICIOUS_MOVE = YES;
				CLANG_WARN_UNGUARDED_AVAILABILITY = YES_AGGRESSIVE;
				CLANG_WARN_UNREACHABLE_CODE = YES;
				CLANG_WARN__DUPLICATE_METHOD_MATCH = YES;
				COPY_PHASE_STRIP = NO;
				DEBUG_INFORMATION_FORMAT = dwarf;
				ENABLE_STRICT_OBJC_MSGSEND = YES;
				ENABLE_TESTABILITY = YES;
				GCC_C_LANGUAGE_STANDARD = gnu11;
				GCC_DYNAMIC_NO_PIC = NO;
				GCC_NO_COMMON_BLOCKS = YES;
				GCC_OPTIMIZATION_LEVEL = 0;
				GCC_PREPROCESSOR_DEFINITIONS = (
					"DEBUG=1",
					"$(inherited)",
				);
				GCC_WARN_64_TO_32_BIT_CONVERSION = YES;
				GCC_WARN_ABOUT_RETURN_TYPE = YES_ERROR;
				GCC_WARN_UNDECLARED_SELECTOR = YES;
				GCC_WARN_UNINITIALIZED_AUTOS = YES_AGGRESSIVE;
				GCC_WARN_UNUSED_FUNCTION = YES;
				GCC_WARN_UNUSED_VARIABLE = YES;
				IPHONEOS_DEPLOYMENT_TARGET = 13.0;
				MTL_ENABLE_DEBUG_INFO = INCLUDE_SOURCE;
				MTL_FAST_MATH = YES;
				ONLY_ACTIVE_ARCH = YES;
				SDKROOT = iphoneos;
				SWIFT_ACTIVE_COMPILATION_CONDITIONS = DEBUG;
				SWIFT_OPTIMIZATION_LEVEL = "-Onone";
			};
			name = Debug;
		};
		CA8A8BD7233A955600FCA0E0 /* Release */ = {
			isa = XCBuildConfiguration;
			buildSettings = {
				ALWAYS_SEARCH_USER_PATHS = NO;
				CLANG_ANALYZER_NONNULL = YES;
				CLANG_ANALYZER_NUMBER_OBJECT_CONVERSION = YES_AGGRESSIVE;
				CLANG_CXX_LANGUAGE_STANDARD = "gnu++14";
				CLANG_CXX_LIBRARY = "libc++";
				CLANG_ENABLE_MODULES = YES;
				CLANG_ENABLE_OBJC_ARC = YES;
				CLANG_ENABLE_OBJC_WEAK = YES;
				CLANG_WARN_BLOCK_CAPTURE_AUTORELEASING = YES;
				CLANG_WARN_BOOL_CONVERSION = YES;
				CLANG_WARN_COMMA = YES;
				CLANG_WARN_CONSTANT_CONVERSION = YES;
				CLANG_WARN_DEPRECATED_OBJC_IMPLEMENTATIONS = YES;
				CLANG_WARN_DIRECT_OBJC_ISA_USAGE = YES_ERROR;
				CLANG_WARN_DOCUMENTATION_COMMENTS = YES;
				CLANG_WARN_EMPTY_BODY = YES;
				CLANG_WARN_ENUM_CONVERSION = YES;
				CLANG_WARN_INFINITE_RECURSION = YES;
				CLANG_WARN_INT_CONVERSION = YES;
				CLANG_WARN_NON_LITERAL_NULL_CONVERSION = YES;
				CLANG_WARN_OBJC_IMPLICIT_RETAIN_SELF = YES;
				CLANG_WARN_OBJC_LITERAL_CONVERSION = YES;
				CLANG_WARN_OBJC_ROOT_CLASS = YES_ERROR;
				CLANG_WARN_RANGE_LOOP_ANALYSIS = YES;
				CLANG_WARN_STRICT_PROTOTYPES = YES;
				CLANG_WARN_SUSPICIOUS_MOVE = YES;
				CLANG_WARN_UNGUARDED_AVAILABILITY = YES_AGGRESSIVE;
				CLANG_WARN_UNREACHABLE_CODE = YES;
				CLANG_WARN__DUPLICATE_METHOD_MATCH = YES;
				COPY_PHASE_STRIP = NO;
				DEBUG_INFORMATION_FORMAT = "dwarf-with-dsym";
				ENABLE_NS_ASSERTIONS = NO;
				ENABLE_STRICT_OBJC_MSGSEND = YES;
				GCC_C_LANGUAGE_STANDARD = gnu11;
				GCC_NO_COMMON_BLOCKS = YES;
				GCC_WARN_64_TO_32_BIT_CONVERSION = YES;
				GCC_WARN_ABOUT_RETURN_TYPE = YES_ERROR;
				GCC_WARN_UNDECLARED_SELECTOR = YES;
				GCC_WARN_UNINITIALIZED_AUTOS = YES_AGGRESSIVE;
				GCC_WARN_UNUSED_FUNCTION = YES;
				GCC_WARN_UNUSED_VARIABLE = YES;
				IPHONEOS_DEPLOYMENT_TARGET = 13.0;
				MTL_ENABLE_DEBUG_INFO = NO;
				MTL_FAST_MATH = YES;
				SDKROOT = iphoneos;
				SWIFT_COMPILATION_MODE = wholemodule;
				SWIFT_OPTIMIZATION_LEVEL = "-O";
				VALIDATE_PRODUCT = YES;
			};
			name = Release;
		};
		CA8A8BD9233A955600FCA0E0 /* Debug */ = {
			isa = XCBuildConfiguration;
			buildSettings = {
				ASSETCATALOG_COMPILER_APPICON_NAME = AppIcon;
				CODE_SIGN_STYLE = Automatic;
				DEVELOPMENT_TEAM = 6WQAP9SSF6;
				INFOPLIST_FILE = Canary/Info.plist;
				LD_RUNPATH_SEARCH_PATHS = (
					"$(inherited)",
					"@executable_path/Frameworks",
				);
				PRODUCT_BUNDLE_IDENTIFIER = com.NifemiFatoye.Canary;
				PRODUCT_NAME = "$(TARGET_NAME)";
				SWIFT_VERSION = 5.0;
				TARGETED_DEVICE_FAMILY = 1;
			};
			name = Debug;
		};
		CA8A8BDA233A955600FCA0E0 /* Release */ = {
			isa = XCBuildConfiguration;
			buildSettings = {
				ASSETCATALOG_COMPILER_APPICON_NAME = AppIcon;
				CODE_SIGN_STYLE = Automatic;
				DEVELOPMENT_TEAM = 6WQAP9SSF6;
				INFOPLIST_FILE = Canary/Info.plist;
				LD_RUNPATH_SEARCH_PATHS = (
					"$(inherited)",
					"@executable_path/Frameworks",
				);
				PRODUCT_BUNDLE_IDENTIFIER = com.NifemiFatoye.Canary;
				PRODUCT_NAME = "$(TARGET_NAME)";
				SWIFT_VERSION = 5.0;
				TARGETED_DEVICE_FAMILY = 1;
			};
			name = Release;
		};
/* End XCBuildConfiguration section */

/* Begin XCConfigurationList section */
		CA8A8BBC233A955400FCA0E0 /* Build configuration list for PBXProject "Canary" */ = {
			isa = XCConfigurationList;
			buildConfigurations = (
				CA8A8BD6233A955600FCA0E0 /* Debug */,
				CA8A8BD7233A955600FCA0E0 /* Release */,
			);
			defaultConfigurationIsVisible = 0;
			defaultConfigurationName = Release;
		};
		CA8A8BD8233A955600FCA0E0 /* Build configuration list for PBXNativeTarget "Canary" */ = {
			isa = XCConfigurationList;
			buildConfigurations = (
				CA8A8BD9233A955600FCA0E0 /* Debug */,
				CA8A8BDA233A955600FCA0E0 /* Release */,
			);
			defaultConfigurationIsVisible = 0;
			defaultConfigurationName = Release;
		};
/* End XCConfigurationList section */

/* Begin XCVersionGroup section */
		CA8A8BCD233A955400FCA0E0 /* Library.xcdatamodeld */ = {
			isa = XCVersionGroup;
			children = (
				CA8A8BCE233A955400FCA0E0 /* Canary.xcdatamodel */,
			);
			currentVersion = CA8A8BCE233A955400FCA0E0 /* Canary.xcdatamodel */;
			path = Library.xcdatamodeld;
			sourceTree = "<group>";
			versionGroupType = wrapper.xcdatamodel;
		};
/* End XCVersionGroup section */
	};
	rootObject = CA8A8BB9233A955400FCA0E0 /* Project object */;
}
